
Microsoft Visual Studio Solution File, Format Version 12.00
# Visual Studio Version 17
VisualStudioVersion = 17.7.34003.232
MinimumVisualStudioVersion = 10.0.40219.1
Project("{FAE04EC0-301F-11D3-BF4B-00C04F79EFBC}") = "SignalRApi", "SignalRApi\SignalRApi.csproj", "{CE0F12CD-5610-47C2-8137-00CD1982B419}"
EndProject
Project("{FAE04EC0-301F-11D3-BF4B-00C04F79EFBC}") = "SignalRWebUI", "SignalRWebUI\SignalRWebUI.csproj", "{3E75037B-2F33-443B-A08E-4DE87875F572}"
EndProject
Project("{FAE04EC0-301F-11D3-BF4B-00C04F79EFBC}") = "SignalR.EntityLayer", "SignalR.EntitiyLayer\SignalR.EntityLayer.csproj", "{BA39E02B-44FE-4EF3-BF5C-4B76141C2260}"
EndProject
Project("{FAE04EC0-301F-11D3-BF4B-00C04F79EFBC}") = "SignalR.DataAccsessLayer", "SignalR.DataAccsessLayer\SignalR.DataAccsessLayer.csproj", "{48E00A36-7B9C-4772-ADFB-EB94373ABD7C}"
EndProject
Project("{FAE04EC0-301F-11D3-BF4B-00C04F79EFBC}") = "SignalR.DtoLayer", "SignalR.DtoLayer\SignalR.DtoLayer.csproj", "{969AFB03-AAA1-4CC2-90A4-7FB1F87070D3}"
EndProject
Project("{FAE04EC0-301F-11D3-BF4B-00C04F79EFBC}") = "SignalR.BusinessLayer", "SignalR.BusinessLayer\SignalR.BusinessLayer.csproj", "{1B8CFC51-E625-4BAA-BE46-00DC87C73980}"
EndProject
Global
	GlobalSection(SolutionConfigurationPlatforms) = preSolution
		Debug|Any CPU = Debug|Any CPU
		Release|Any CPU = Release|Any CPU
	EndGlobalSection
	GlobalSection(ProjectConfigurationPlatforms) = postSolution
		{CE0F12CD-5610-47C2-8137-00CD1982B419}.Debug|Any CPU.ActiveCfg = Debug|Any CPU
		{CE0F12CD-5610-47C2-8137-00CD1982B419}.Debug|Any CPU.Build.0 = Debug|Any CPU
		{CE0F12CD-5610-47C2-8137-00CD1982B419}.Release|Any CPU.ActiveCfg = Release|Any CPU
		{CE0F12CD-5610-47C2-8137-00CD1982B419}.Release|Any CPU.Build.0 = Release|Any CPU
		{3E75037B-2F33-443B-A08E-4DE87875F572}.Debug|Any CPU.ActiveCfg = Debug|Any CPU
		{3E75037B-2F33-443B-A08E-4DE87875F572}.Debug|Any CPU.Build.0 = Debug|Any CPU
		{3E75037B-2F33-443B-A08E-4DE87875F572}.Release|Any CPU.ActiveCfg = Release|Any CPU
		{3E75037B-2F33-443B-A08E-4DE87875F572}.Release|Any CPU.Build.0 = Release|Any CPU
		{BA39E02B-44FE-4EF3-BF5C-4B76141C2260}.Debug|Any CPU.ActiveCfg = Debug|Any CPU
		{BA39E02B-44FE-4EF3-BF5C-4B76141C2260}.Debug|Any CPU.Build.0 = Debug|Any CPU
		{BA39E02B-44FE-4EF3-BF5C-4B76141C2260}.Release|Any CPU.ActiveCfg = Release|Any CPU
		{BA39E02B-44FE-4EF3-BF5C-4B76141C2260}.Release|Any CPU.Build.0 = Release|Any CPU
		{48E00A36-7B9C-4772-ADFB-EB94373ABD7C}.Debug|Any CPU.ActiveCfg = Debug|Any CPU
		{48E00A36-7B9C-4772-ADFB-EB94373ABD7C}.Debug|Any CPU.Build.0 = Debug|Any CPU
		{48E00A36-7B9C-4772-ADFB-EB94373ABD7C}.Release|Any CPU.ActiveCfg = Release|Any CPU
		{48E00A36-7B9C-4772-ADFB-EB94373ABD7C}.Release|Any CPU.Build.0 = Release|Any CPU
		{969AFB03-AAA1-4CC2-90A4-7FB1F87070D3}.Debug|Any CPU.ActiveCfg = Debug|Any CPU
		{969AFB03-AAA1-4CC2-90A4-7FB1F87070D3}.Debug|Any CPU.Build.0 = Debug|Any CPU
		{969AFB03-AAA1-4CC2-90A4-7FB1F87070D3}.Release|Any CPU.ActiveCfg = Release|Any CPU
		{969AFB03-AAA1-4CC2-90A4-7FB1F87070D3}.Release|Any CPU.Build.0 = Release|Any CPU
		{1B8CFC51-E625-4BAA-BE46-00DC87C73980}.Debug|Any CPU.ActiveCfg = Debug|Any CPU
		{1B8CFC51-E625-4BAA-BE46-00DC87C73980}.Debug|Any CPU.Build.0 = Debug|Any CPU
		{1B8CFC51-E625-4BAA-BE46-00DC87C73980}.Release|Any CPU.ActiveCfg = Release|Any CPU
		{1B8CFC51-E625-4BAA-BE46-00DC87C73980}.Release|Any CPU.Build.0 = Release|Any CPU
	EndGlobalSection
	GlobalSection(SolutionProperties) = preSolution
		HideSolutionNode = FALSE
	EndGlobalSection
	GlobalSection(ExtensibilityGlobals) = postSolution
		SolutionGuid = {5D8DD26F-FA00-4FBB-9AD6-D63CDCA27A33}
	EndGlobalSection
EndGlobal
